
Microsoft Visual Studio Solution File, Format Version 12.00
Project("{FAE04EC0-301F-11D3-BF4B-00C04F79EFBC}") = "Day01", "Day01\Day01.csproj", "{69745B7B-084B-492D-B3F6-5C41166DD494}"
EndProject
Project("{FAE04EC0-301F-11D3-BF4B-00C04F79EFBC}") = "Day02", "Day02\Day02.csproj", "{1CF7F3EA-D52E-4AFF-A7B9-7F8050BE6B78}"
EndProject
Project("{FAE04EC0-301F-11D3-BF4B-00C04F79EFBC}") = "Day03", "Day03\Day03.csproj", "{743696C6-D308-4FC8-B5C9-59FFBCB3D623}"
EndProject
Project("{FAE04EC0-301F-11D3-BF4B-00C04F79EFBC}") = "Day04", "Day04\Day04.csproj", "{B8E8384D-6E2B-491B-AEF4-F0E9F23C005A}"
EndProject
Project("{FAE04EC0-301F-11D3-BF4B-00C04F79EFBC}") = "Day05", "Day05\Day05.csproj", "{4F9670B9-9B46-456D-A252-DB790F13066D}"
EndProject
Project("{FAE04EC0-301F-11D3-BF4B-00C04F79EFBC}") = "Day06", "Day06\Day06.csproj", "{732F6F53-6166-496E-99C4-0623850BC027}"
EndProject
Project("{FAE04EC0-301F-11D3-BF4B-00C04F79EFBC}") = "Day07", "Day07\Day07.csproj", "{1D04F9CD-276D-427C-8E23-67D6E767353E}"
EndProject
Project("{FAE04EC0-301F-11D3-BF4B-00C04F79EFBC}") = "Day08", "Day08\Day08.csproj", "{77C14C93-2ECE-4A8C-BC37-5384CAB54B89}"
EndProject
Project("{FAE04EC0-301F-11D3-BF4B-00C04F79EFBC}") = "Day09", "Day09\Day09.csproj", "{94CC9E94-90E2-450F-92AA-9549921A308A}"
EndProject
Project("{FAE04EC0-301F-11D3-BF4B-00C04F79EFBC}") = "Day10", "Day10\Day10.csproj", "{C03736D9-3FD8-448B-9F61-975E325720D1}"
EndProject
Project("{FAE04EC0-301F-11D3-BF4B-00C04F79EFBC}") = "Day11", "Day11\Day11.csproj", "{AC190E8C-85CA-4336-8427-BC69D6980E51}"
EndProject
Project("{FAE04EC0-301F-11D3-BF4B-00C04F79EFBC}") = "Day12", "Day12\Day12.csproj", "{CD8A836E-0F9A-4B61-B088-4CA46A83A2EA}"
EndProject
Project("{FAE04EC0-301F-11D3-BF4B-00C04F79EFBC}") = "Day13", "Day13\Day13.csproj", "{60F74405-8252-4CC5-AB26-00F460A4BABB}"
EndProject
Project("{FAE04EC0-301F-11D3-BF4B-00C04F79EFBC}") = "Day14", "Day14\Day14.csproj", "{3D62C46D-4EFA-45EF-9324-649A86B3E602}"
EndProject
Global
	GlobalSection(SolutionConfigurationPlatforms) = preSolution
		Debug|Any CPU = Debug|Any CPU
		Release|Any CPU = Release|Any CPU
	EndGlobalSection
	GlobalSection(ProjectConfigurationPlatforms) = postSolution
		{69745B7B-084B-492D-B3F6-5C41166DD494}.Debug|Any CPU.ActiveCfg = Debug|Any CPU
		{69745B7B-084B-492D-B3F6-5C41166DD494}.Debug|Any CPU.Build.0 = Debug|Any CPU
		{69745B7B-084B-492D-B3F6-5C41166DD494}.Release|Any CPU.ActiveCfg = Release|Any CPU
		{69745B7B-084B-492D-B3F6-5C41166DD494}.Release|Any CPU.Build.0 = Release|Any CPU
		{1CF7F3EA-D52E-4AFF-A7B9-7F8050BE6B78}.Debug|Any CPU.ActiveCfg = Debug|Any CPU
		{1CF7F3EA-D52E-4AFF-A7B9-7F8050BE6B78}.Debug|Any CPU.Build.0 = Debug|Any CPU
		{1CF7F3EA-D52E-4AFF-A7B9-7F8050BE6B78}.Release|Any CPU.ActiveCfg = Release|Any CPU
		{1CF7F3EA-D52E-4AFF-A7B9-7F8050BE6B78}.Release|Any CPU.Build.0 = Release|Any CPU
		{743696C6-D308-4FC8-B5C9-59FFBCB3D623}.Debug|Any CPU.ActiveCfg = Debug|Any CPU
		{743696C6-D308-4FC8-B5C9-59FFBCB3D623}.Debug|Any CPU.Build.0 = Debug|Any CPU
		{743696C6-D308-4FC8-B5C9-59FFBCB3D623}.Release|Any CPU.ActiveCfg = Release|Any CPU
		{743696C6-D308-4FC8-B5C9-59FFBCB3D623}.Release|Any CPU.Build.0 = Release|Any CPU
		{B8E8384D-6E2B-491B-AEF4-F0E9F23C005A}.Debug|Any CPU.ActiveCfg = Debug|Any CPU
		{B8E8384D-6E2B-491B-AEF4-F0E9F23C005A}.Debug|Any CPU.Build.0 = Debug|Any CPU
		{B8E8384D-6E2B-491B-AEF4-F0E9F23C005A}.Release|Any CPU.ActiveCfg = Release|Any CPU
		{B8E8384D-6E2B-491B-AEF4-F0E9F23C005A}.Release|Any CPU.Build.0 = Release|Any CPU
		{4F9670B9-9B46-456D-A252-DB790F13066D}.Debug|Any CPU.ActiveCfg = Debug|Any CPU
		{4F9670B9-9B46-456D-A252-DB790F13066D}.Debug|Any CPU.Build.0 = Debug|Any CPU
		{4F9670B9-9B46-456D-A252-DB790F13066D}.Release|Any CPU.ActiveCfg = Release|Any CPU
		{4F9670B9-9B46-456D-A252-DB790F13066D}.Release|Any CPU.Build.0 = Release|Any CPU
		{732F6F53-6166-496E-99C4-0623850BC027}.Debug|Any CPU.ActiveCfg = Debug|Any CPU
		{732F6F53-6166-496E-99C4-0623850BC027}.Debug|Any CPU.Build.0 = Debug|Any CPU
		{732F6F53-6166-496E-99C4-0623850BC027}.Release|Any CPU.ActiveCfg = Release|Any CPU
		{732F6F53-6166-496E-99C4-0623850BC027}.Release|Any CPU.Build.0 = Release|Any CPU
		{1D04F9CD-276D-427C-8E23-67D6E767353E}.Debug|Any CPU.ActiveCfg = Debug|Any CPU
		{1D04F9CD-276D-427C-8E23-67D6E767353E}.Debug|Any CPU.Build.0 = Debug|Any CPU
		{1D04F9CD-276D-427C-8E23-67D6E767353E}.Release|Any CPU.ActiveCfg = Release|Any CPU
		{1D04F9CD-276D-427C-8E23-67D6E767353E}.Release|Any CPU.Build.0 = Release|Any CPU
		{77C14C93-2ECE-4A8C-BC37-5384CAB54B89}.Debug|Any CPU.ActiveCfg = Debug|Any CPU
		{77C14C93-2ECE-4A8C-BC37-5384CAB54B89}.Debug|Any CPU.Build.0 = Debug|Any CPU
		{77C14C93-2ECE-4A8C-BC37-5384CAB54B89}.Release|Any CPU.ActiveCfg = Release|Any CPU
		{77C14C93-2ECE-4A8C-BC37-5384CAB54B89}.Release|Any CPU.Build.0 = Release|Any CPU
		{94CC9E94-90E2-450F-92AA-9549921A308A}.Debug|Any CPU.ActiveCfg = Debug|Any CPU
		{94CC9E94-90E2-450F-92AA-9549921A308A}.Debug|Any CPU.Build.0 = Debug|Any CPU
		{94CC9E94-90E2-450F-92AA-9549921A308A}.Release|Any CPU.ActiveCfg = Release|Any CPU
		{94CC9E94-90E2-450F-92AA-9549921A308A}.Release|Any CPU.Build.0 = Release|Any CPU
		{C03736D9-3FD8-448B-9F61-975E325720D1}.Debug|Any CPU.ActiveCfg = Debug|Any CPU
		{C03736D9-3FD8-448B-9F61-975E325720D1}.Debug|Any CPU.Build.0 = Debug|Any CPU
		{C03736D9-3FD8-448B-9F61-975E325720D1}.Release|Any CPU.ActiveCfg = Release|Any CPU
		{C03736D9-3FD8-448B-9F61-975E325720D1}.Release|Any CPU.Build.0 = Release|Any CPU
		{AC190E8C-85CA-4336-8427-BC69D6980E51}.Debug|Any CPU.ActiveCfg = Debug|Any CPU
		{AC190E8C-85CA-4336-8427-BC69D6980E51}.Debug|Any CPU.Build.0 = Debug|Any CPU
		{AC190E8C-85CA-4336-8427-BC69D6980E51}.Release|Any CPU.ActiveCfg = Release|Any CPU
		{AC190E8C-85CA-4336-8427-BC69D6980E51}.Release|Any CPU.Build.0 = Release|Any CPU
		{CD8A836E-0F9A-4B61-B088-4CA46A83A2EA}.Debug|Any CPU.ActiveCfg = Debug|Any CPU
		{CD8A836E-0F9A-4B61-B088-4CA46A83A2EA}.Debug|Any CPU.Build.0 = Debug|Any CPU
		{CD8A836E-0F9A-4B61-B088-4CA46A83A2EA}.Release|Any CPU.ActiveCfg = Release|Any CPU
		{CD8A836E-0F9A-4B61-B088-4CA46A83A2EA}.Release|Any CPU.Build.0 = Release|Any CPU
		{60F74405-8252-4CC5-AB26-00F460A4BABB}.Debug|Any CPU.ActiveCfg = Debug|Any CPU
		{60F74405-8252-4CC5-AB26-00F460A4BABB}.Debug|Any CPU.Build.0 = Debug|Any CPU
		{60F74405-8252-4CC5-AB26-00F460A4BABB}.Release|Any CPU.ActiveCfg = Release|Any CPU
		{60F74405-8252-4CC5-AB26-00F460A4BABB}.Release|Any CPU.Build.0 = Release|Any CPU
		{3D62C46D-4EFA-45EF-9324-649A86B3E602}.Debug|Any CPU.ActiveCfg = Debug|Any CPU
		{3D62C46D-4EFA-45EF-9324-649A86B3E602}.Debug|Any CPU.Build.0 = Debug|Any CPU
		{3D62C46D-4EFA-45EF-9324-649A86B3E602}.Release|Any CPU.ActiveCfg = Release|Any CPU
		{3D62C46D-4EFA-45EF-9324-649A86B3E602}.Release|Any CPU.Build.0 = Release|Any CPU
	EndGlobalSection
EndGlobal
